
Microsoft Visual Studio Solution File, Format Version 12.00
# Visual Studio 15
VisualStudioVersion = 15.0.28307.645
MinimumVisualStudioVersion = 10.0.40219.1
Project("{FAE04EC0-301F-11D3-BF4B-00C04F79EFBC}") = "EDSDKLib", "EDSDKLib\EDSDKLib.csproj", "{15E99248-6161-46A4-9183-609CA62406A6}"
EndProject
Project("{FAE04EC0-301F-11D3-BF4B-00C04F79EFBC}") = "Demo", "Demo\Demo.csproj", "{3AC86C92-5D54-479B-BAFE-B5AEFE4E0073}"
EndProject
Project("{FAE04EC0-301F-11D3-BF4B-00C04F79EFBC}") = "LightAPI", "LightAPI\LightAPI.csproj", "{8C76C7D4-62B7-45ED-807E-A211D4E954BA}"
EndProject
Project("{FAE04EC0-301F-11D3-BF4B-00C04F79EFBC}") = "TestLight", "TestLight\TestLight.csproj", "{24281CE7-309D-49F5-9742-7F6F07F0B464}"
EndProject
Global
	GlobalSection(SolutionConfigurationPlatforms) = preSolution
		Debug|Any CPU = Debug|Any CPU
		Debug|x86 = Debug|x86
		Release|Any CPU = Release|Any CPU
		Release|x86 = Release|x86
	EndGlobalSection
	GlobalSection(ProjectConfigurationPlatforms) = postSolution
		{15E99248-6161-46A4-9183-609CA62406A6}.Debug|Any CPU.ActiveCfg = Debug|x86
		{15E99248-6161-46A4-9183-609CA62406A6}.Debug|x86.ActiveCfg = Debug|x86
		{15E99248-6161-46A4-9183-609CA62406A6}.Debug|x86.Build.0 = Debug|x86
		{15E99248-6161-46A4-9183-609CA62406A6}.Release|Any CPU.ActiveCfg = Release|x86
		{15E99248-6161-46A4-9183-609CA62406A6}.Release|x86.ActiveCfg = Release|x86
		{15E99248-6161-46A4-9183-609CA62406A6}.Release|x86.Build.0 = Release|x86
		{3AC86C92-5D54-479B-BAFE-B5AEFE4E0073}.Debug|Any CPU.ActiveCfg = Debug|Any CPU
		{3AC86C92-5D54-479B-BAFE-B5AEFE4E0073}.Debug|Any CPU.Build.0 = Debug|Any CPU
		{3AC86C92-5D54-479B-BAFE-B5AEFE4E0073}.Debug|x86.ActiveCfg = Debug|Any CPU
		{3AC86C92-5D54-479B-BAFE-B5AEFE4E0073}.Debug|x86.Build.0 = Debug|Any CPU
		{3AC86C92-5D54-479B-BAFE-B5AEFE4E0073}.Release|Any CPU.ActiveCfg = Release|Any CPU
		{3AC86C92-5D54-479B-BAFE-B5AEFE4E0073}.Release|Any CPU.Build.0 = Release|Any CPU
		{3AC86C92-5D54-479B-BAFE-B5AEFE4E0073}.Release|x86.ActiveCfg = Release|Any CPU
		{3AC86C92-5D54-479B-BAFE-B5AEFE4E0073}.Release|x86.Build.0 = Release|Any CPU
		{8C76C7D4-62B7-45ED-807E-A211D4E954BA}.Debug|Any CPU.ActiveCfg = Debug|Any CPU
		{8C76C7D4-62B7-45ED-807E-A211D4E954BA}.Debug|Any CPU.Build.0 = Debug|Any CPU
		{8C76C7D4-62B7-45ED-807E-A211D4E954BA}.Debug|x86.ActiveCfg = Debug|Any CPU
		{8C76C7D4-62B7-45ED-807E-A211D4E954BA}.Debug|x86.Build.0 = Debug|Any CPU
		{8C76C7D4-62B7-45ED-807E-A211D4E954BA}.Release|Any CPU.ActiveCfg = Release|Any CPU
		{8C76C7D4-62B7-45ED-807E-A211D4E954BA}.Release|Any CPU.Build.0 = Release|Any CPU
		{8C76C7D4-62B7-45ED-807E-A211D4E954BA}.Release|x86.ActiveCfg = Release|Any CPU
		{8C76C7D4-62B7-45ED-807E-A211D4E954BA}.Release|x86.Build.0 = Release|Any CPU
		{24281CE7-309D-49F5-9742-7F6F07F0B464}.Debug|Any CPU.ActiveCfg = Debug|Any CPU
		{24281CE7-309D-49F5-9742-7F6F07F0B464}.Debug|Any CPU.Build.0 = Debug|Any CPU
		{24281CE7-309D-49F5-9742-7F6F07F0B464}.Debug|x86.ActiveCfg = Debug|Any CPU
		{24281CE7-309D-49F5-9742-7F6F07F0B464}.Debug|x86.Build.0 = Debug|Any CPU
		{24281CE7-309D-49F5-9742-7F6F07F0B464}.Release|Any CPU.ActiveCfg = Release|Any CPU
		{24281CE7-309D-49F5-9742-7F6F07F0B464}.Release|Any CPU.Build.0 = Release|Any CPU
		{24281CE7-309D-49F5-9742-7F6F07F0B464}.Release|x86.ActiveCfg = Release|Any CPU
		{24281CE7-309D-49F5-9742-7F6F07F0B464}.Release|x86.Build.0 = Release|Any CPU
	EndGlobalSection
	GlobalSection(SolutionProperties) = preSolution
		HideSolutionNode = FALSE
	EndGlobalSection
	GlobalSection(ExtensibilityGlobals) = postSolution
		SolutionGuid = {C4575E69-07DB-4E19-B0C0-CD2A9106E3B9}
	EndGlobalSection
EndGlobal
